version = 1
requires-python = ">=3.12"

[[package]]
name = "gdal"
version = "3.8.4"
source = { registry = "https://pypi.org/simple" }
sdist = { url = "https://files.pythonhosted.org/packages/21/6f/7f76d6ff3673fa18e9edd8d76679968d682f937cded93311f82fa172697f/GDAL-3.8.4.tar.gz", hash = "sha256:7c51e0ae7a7ccf43ad9e4bf435176baa9276653dfa16fd167c3632f6e7275207", size = 802459 }

[[package]]
name = "ltom"
version = "0.1.0"
source = { virtual = "." }
dependencies = [
    { name = "gdal" },
]

[package.metadata]
requires-dist = [{ name = "gdal", specifier = "==3.8.4" }]

[package.metadata.requires-dev]
dev = []
